{
  "version": 4,
  "terraform_version": "1.6.4",
  "serial": 5,
  "lineage": "9afaec5f-270a-e451-fa66-d1e47c7c3826",
  "outputs": {},
  "resources": [
    {
      "mode": "managed",
      "type": "aws_vpc",
      "name": "myvpc",
      "provider": "provider[\"registry.terraform.io/hashicorp/aws\"]",
      "instances": [
        {
          "schema_version": 1,
          "attributes": {
            "arn": "arn:aws:ec2:us-east-2:227238012947:vpc/vpc-00d80b2d69c5f2964",
            "assign_generated_ipv6_cidr_block": false,
            "cidr_block": "10.0.0.0/16",
            "default_network_acl_id": "acl-0f94b3060d8dd00ab",
            "default_route_table_id": "rtb-051ab68167c12eb07",
            "default_security_group_id": "sg-0dc64f83a030a1f5a",
            "dhcp_options_id": "dopt-0c623006f90cdc33f",
            "enable_dns_hostnames": false,
            "enable_dns_support": true,
            "enable_network_address_usage_metrics": false,
            "id": "vpc-00d80b2d69c5f2964",
            "instance_tenancy": "default",
            "ipv4_ipam_pool_id": null,
            "ipv4_netmask_length": null,
            "ipv6_association_id": "",
            "ipv6_cidr_block": "",
            "ipv6_cidr_block_network_border_group": "",
            "ipv6_ipam_pool_id": "",
            "ipv6_netmask_length": 0,
            "main_route_table_id": "rtb-051ab68167c12eb07",
            "owner_id": "227238012947",
            "tags": null,
            "tags_all": {}
          },
          "sensitive_attributes": [],
          "private": "eyJzY2hlbWFfdmVyc2lvbiI6IjEifQ=="
        }
      ]
    }
  ],
  "check_results": null
}
