{
  "version": 4,
  "terraform_version": "1.6.4",
  "serial": 17,
  "lineage": "b575e493-681e-0c7a-4ce1-66b4c596b987",
  "outputs": {
    "vpcid": {
      "value": "vpc-074216208a718023e",
      "type": "string"
    }
  },
  "resources": [
    {
      "mode": "managed",
      "type": "aws_vpc",
      "name": "myvpc",
      "provider": "provider[\"registry.terraform.io/hashicorp/aws\"]",
      "instances": [
        {
          "schema_version": 1,
          "attributes": {
            "arn": "arn:aws:ec2:us-east-2:227238012947:vpc/vpc-074216208a718023e",
            "assign_generated_ipv6_cidr_block": false,
            "cidr_block": "10.0.0.0/16",
            "default_network_acl_id": "acl-061a1374a1ed08f06",
            "default_route_table_id": "rtb-02c64a69d6048ff5f",
            "default_security_group_id": "sg-005ef639f0662c821",
            "dhcp_options_id": "dopt-0c623006f90cdc33f",
            "enable_dns_hostnames": false,
            "enable_dns_support": true,
            "enable_network_address_usage_metrics": false,
            "id": "vpc-074216208a718023e",
            "instance_tenancy": "default",
            "ipv4_ipam_pool_id": null,
            "ipv4_netmask_length": null,
            "ipv6_association_id": "",
            "ipv6_cidr_block": "",
            "ipv6_cidr_block_network_border_group": "",
            "ipv6_ipam_pool_id": "",
            "ipv6_netmask_length": 0,
            "main_route_table_id": "rtb-02c64a69d6048ff5f",
            "owner_id": "227238012947",
            "tags": {
              "Name": "inputtest3"
            },
            "tags_all": {
              "Name": "inputtest3"
            }
          },
          "sensitive_attributes": [],
          "private": "eyJzY2hlbWFfdmVyc2lvbiI6IjEifQ=="
        }
      ]
    }
  ],
  "check_results": null
}
